
Microsoft Visual Studio Solution File, Format Version 12.00
# Visual Studio Version 17
VisualStudioVersion = 17.0.32112.339
MinimumVisualStudioVersion = 10.0.40219.1
Project("{FAE04EC0-301F-11D3-BF4B-00C04F79EFBC}") = "xeynergy-codeChallenge-api", "xeynergy-codeChallenge-api\xeynergy-codeChallenge-api.csproj", "{A8DF40B1-4601-4567-906B-534407BE556A}"
EndProject
Global
	GlobalSection(SolutionConfigurationPlatforms) = preSolution
		Debug|Any CPU = Debug|Any CPU
		Release|Any CPU = Release|Any CPU
	EndGlobalSection
	GlobalSection(ProjectConfigurationPlatforms) = postSolution
		{A8DF40B1-4601-4567-906B-534407BE556A}.Debug|Any CPU.ActiveCfg = Debug|Any CPU
		{A8DF40B1-4601-4567-906B-534407BE556A}.Debug|Any CPU.Build.0 = Debug|Any CPU
		{A8DF40B1-4601-4567-906B-534407BE556A}.Release|Any CPU.ActiveCfg = Release|Any CPU
		{A8DF40B1-4601-4567-906B-534407BE556A}.Release|Any CPU.Build.0 = Release|Any CPU
	EndGlobalSection
	GlobalSection(SolutionProperties) = preSolution
		HideSolutionNode = FALSE
	EndGlobalSection
	GlobalSection(ExtensibilityGlobals) = postSolution
		SolutionGuid = {6A753B5B-93D6-4AC0-9156-CB78317E6369}
	EndGlobalSection
EndGlobal
